
Microsoft Visual Studio Solution File, Format Version 12.00
# Visual Studio 2013
VisualStudioVersion = 12.0.21005.1
MinimumVisualStudioVersion = 10.0.40219.1
Project("{FAE04EC0-301F-11D3-BF4B-00C04F79EFBC}") = "BGL_Test_CountofWords", "BGL_Test_CountofWords\BGL_Test_CountofWords.csproj", "{481D1833-CB9D-4428-BA23-47EC9E1AE440}"
EndProject
Project("{FAE04EC0-301F-11D3-BF4B-00C04F79EFBC}") = "BGL_UnitTestProject", "BGL_UnitTestProject\BGL_UnitTestProject.csproj", "{8D1F6520-2ED6-4936-8271-BCBB6BB8E7F2}"
EndProject
Global
	GlobalSection(SolutionConfigurationPlatforms) = preSolution
		Debug|Any CPU = Debug|Any CPU
		Release|Any CPU = Release|Any CPU
	EndGlobalSection
	GlobalSection(ProjectConfigurationPlatforms) = postSolution
		{481D1833-CB9D-4428-BA23-47EC9E1AE440}.Debug|Any CPU.ActiveCfg = Debug|Any CPU
		{481D1833-CB9D-4428-BA23-47EC9E1AE440}.Debug|Any CPU.Build.0 = Debug|Any CPU
		{481D1833-CB9D-4428-BA23-47EC9E1AE440}.Release|Any CPU.ActiveCfg = Release|Any CPU
		{481D1833-CB9D-4428-BA23-47EC9E1AE440}.Release|Any CPU.Build.0 = Release|Any CPU
		{8D1F6520-2ED6-4936-8271-BCBB6BB8E7F2}.Debug|Any CPU.ActiveCfg = Debug|Any CPU
		{8D1F6520-2ED6-4936-8271-BCBB6BB8E7F2}.Debug|Any CPU.Build.0 = Debug|Any CPU
		{8D1F6520-2ED6-4936-8271-BCBB6BB8E7F2}.Release|Any CPU.ActiveCfg = Release|Any CPU
		{8D1F6520-2ED6-4936-8271-BCBB6BB8E7F2}.Release|Any CPU.Build.0 = Release|Any CPU
	EndGlobalSection
	GlobalSection(SolutionProperties) = preSolution
		HideSolutionNode = FALSE
	EndGlobalSection
EndGlobal
